
Microsoft Visual Studio Solution File, Format Version 12.00
# Visual Studio Version 17
VisualStudioVersion = 17.3.32929.385
MinimumVisualStudioVersion = 10.0.40219.1
Project("{9A19103F-16F7-4668-BE54-9A1E7A4F7556}") = "InvetariosSiman", "InvetariosSiman\InvetariosSiman.csproj", "{1A0A284E-06FF-4441-A7D3-333A7A2CD21E}"
EndProject
Project("{9A19103F-16F7-4668-BE54-9A1E7A4F7556}") = "Models", "Models\Models.csproj", "{8A580962-CA8B-4ADC-AFCA-CDD4906318C4}"
EndProject
Project("{9A19103F-16F7-4668-BE54-9A1E7A4F7556}") = "Preseters", "Preseters\Preseters.csproj", "{1AF4D7AB-CF93-4FA0-B46C-9CB95AA5B59B}"
EndProject
Project("{9A19103F-16F7-4668-BE54-9A1E7A4F7556}") = "View", "View\View.csproj", "{40B0AB27-31E1-4C77-9AB3-D0A5AE4D6376}"
EndProject
Project("{FAE04EC0-301F-11D3-BF4B-00C04F79EFBC}") = "Conexion", "Conexion\Conexion.csproj", "{7FFFC2B0-F86C-4DA8-8790-60D99B0A9BF3}"
EndProject
Global
	GlobalSection(SolutionConfigurationPlatforms) = preSolution
		Debug|Any CPU = Debug|Any CPU
		Release|Any CPU = Release|Any CPU
	EndGlobalSection
	GlobalSection(ProjectConfigurationPlatforms) = postSolution
		{1A0A284E-06FF-4441-A7D3-333A7A2CD21E}.Debug|Any CPU.ActiveCfg = Debug|Any CPU
		{1A0A284E-06FF-4441-A7D3-333A7A2CD21E}.Debug|Any CPU.Build.0 = Debug|Any CPU
		{1A0A284E-06FF-4441-A7D3-333A7A2CD21E}.Release|Any CPU.ActiveCfg = Release|Any CPU
		{1A0A284E-06FF-4441-A7D3-333A7A2CD21E}.Release|Any CPU.Build.0 = Release|Any CPU
		{8A580962-CA8B-4ADC-AFCA-CDD4906318C4}.Debug|Any CPU.ActiveCfg = Debug|Any CPU
		{8A580962-CA8B-4ADC-AFCA-CDD4906318C4}.Debug|Any CPU.Build.0 = Debug|Any CPU
		{8A580962-CA8B-4ADC-AFCA-CDD4906318C4}.Release|Any CPU.ActiveCfg = Release|Any CPU
		{8A580962-CA8B-4ADC-AFCA-CDD4906318C4}.Release|Any CPU.Build.0 = Release|Any CPU
		{1AF4D7AB-CF93-4FA0-B46C-9CB95AA5B59B}.Debug|Any CPU.ActiveCfg = Debug|Any CPU
		{1AF4D7AB-CF93-4FA0-B46C-9CB95AA5B59B}.Debug|Any CPU.Build.0 = Debug|Any CPU
		{1AF4D7AB-CF93-4FA0-B46C-9CB95AA5B59B}.Release|Any CPU.ActiveCfg = Release|Any CPU
		{1AF4D7AB-CF93-4FA0-B46C-9CB95AA5B59B}.Release|Any CPU.Build.0 = Release|Any CPU
		{40B0AB27-31E1-4C77-9AB3-D0A5AE4D6376}.Debug|Any CPU.ActiveCfg = Debug|Any CPU
		{40B0AB27-31E1-4C77-9AB3-D0A5AE4D6376}.Debug|Any CPU.Build.0 = Debug|Any CPU
		{40B0AB27-31E1-4C77-9AB3-D0A5AE4D6376}.Release|Any CPU.ActiveCfg = Release|Any CPU
		{40B0AB27-31E1-4C77-9AB3-D0A5AE4D6376}.Release|Any CPU.Build.0 = Release|Any CPU
		{7FFFC2B0-F86C-4DA8-8790-60D99B0A9BF3}.Debug|Any CPU.ActiveCfg = Debug|Any CPU
		{7FFFC2B0-F86C-4DA8-8790-60D99B0A9BF3}.Debug|Any CPU.Build.0 = Debug|Any CPU
		{7FFFC2B0-F86C-4DA8-8790-60D99B0A9BF3}.Release|Any CPU.ActiveCfg = Release|Any CPU
		{7FFFC2B0-F86C-4DA8-8790-60D99B0A9BF3}.Release|Any CPU.Build.0 = Release|Any CPU
	EndGlobalSection
	GlobalSection(SolutionProperties) = preSolution
		HideSolutionNode = FALSE
	EndGlobalSection
	GlobalSection(ExtensibilityGlobals) = postSolution
		SolutionGuid = {088DA8DE-2681-4344-BDA0-9245E22CC98F}
	EndGlobalSection
EndGlobal
